
Microsoft Visual Studio Solution File, Format Version 12.00
# Visual Studio Version 16
VisualStudioVersion = 16.0.32126.315
MinimumVisualStudioVersion = 10.0.40219.1
Project("{FAE04EC0-301F-11D3-BF4B-00C04F79EFBC}") = "AS2122_INF_4E_MolinoFederico_ProvaSingola", "AS2122_INF_4E_MolinoFederico_ProvaSingola.csproj", "{5BB99384-BF8C-408F-B021-294B5192BD82}"
EndProject
Global
	GlobalSection(SolutionConfigurationPlatforms) = preSolution
		Debug|Any CPU = Debug|Any CPU
		Release|Any CPU = Release|Any CPU
	EndGlobalSection
	GlobalSection(ProjectConfigurationPlatforms) = postSolution
		{5BB99384-BF8C-408F-B021-294B5192BD82}.Debug|Any CPU.ActiveCfg = Debug|Any CPU
		{5BB99384-BF8C-408F-B021-294B5192BD82}.Debug|Any CPU.Build.0 = Debug|Any CPU
		{5BB99384-BF8C-408F-B021-294B5192BD82}.Release|Any CPU.ActiveCfg = Release|Any CPU
		{5BB99384-BF8C-408F-B021-294B5192BD82}.Release|Any CPU.Build.0 = Release|Any CPU
	EndGlobalSection
	GlobalSection(SolutionProperties) = preSolution
		HideSolutionNode = FALSE
	EndGlobalSection
	GlobalSection(ExtensibilityGlobals) = postSolution
		SolutionGuid = {62847158-8E78-45A0-AA5A-E88A08F3EC23}
	EndGlobalSection
EndGlobal
